
Microsoft Visual Studio Solution File, Format Version 12.00
# Visual Studio Version 17
VisualStudioVersion = 17.4.32912.340
MinimumVisualStudioVersion = 10.0.40219.1
Project("{FAE04EC0-301F-11D3-BF4B-00C04F79EFBC}") = "SpawnDev.Cronos", "SpawnDev.Cronos\SpawnDev.Cronos.csproj", "{C56F3919-E919-4D1C-8246-4828A82E2F51}"
EndProject
Global
	GlobalSection(SolutionConfigurationPlatforms) = preSolution
		Debug|Any CPU = Debug|Any CPU
		Release|Any CPU = Release|Any CPU
	EndGlobalSection
	GlobalSection(ProjectConfigurationPlatforms) = postSolution
		{C56F3919-E919-4D1C-8246-4828A82E2F51}.Debug|Any CPU.ActiveCfg = Debug|Any CPU
		{C56F3919-E919-4D1C-8246-4828A82E2F51}.Debug|Any CPU.Build.0 = Debug|Any CPU
		{C56F3919-E919-4D1C-8246-4828A82E2F51}.Release|Any CPU.ActiveCfg = Release|Any CPU
		{C56F3919-E919-4D1C-8246-4828A82E2F51}.Release|Any CPU.Build.0 = Release|Any CPU
	EndGlobalSection
	GlobalSection(SolutionProperties) = preSolution
		HideSolutionNode = FALSE
	EndGlobalSection
	GlobalSection(ExtensibilityGlobals) = postSolution
		SolutionGuid = {A73F4E4B-EA2C-413F-BEF4-0DA3766CD3CE}
	EndGlobalSection
EndGlobal
